// !$*UTF8*$!
{
	archiveVersion = 1;
	classes = {
	};
	objectVersion = 55;
	objects = {

/* Begin PBXBuildFile section */
		D337C217299CEE1700BDC06E /* AppDelegate.swift in Sources */ = {isa = PBXBuildFile; fileRef = D337C216299CEE1700BDC06E /* AppDelegate.swift */; };
		D337C219299CEE1700BDC06E /* SceneDelegate.swift in Sources */ = {isa = PBXBuildFile; fileRef = D337C218299CEE1700BDC06E /* SceneDelegate.swift */; };
		D337C21B299CEE1700BDC06E /* ViewController.swift in Sources */ = {isa = PBXBuildFile; fileRef = D337C21A299CEE1700BDC06E /* ViewController.swift */; };
		D337C21E299CEE1700BDC06E /* Main.storyboard in Resources */ = {isa = PBXBuildFile; fileRef = D337C21C299CEE1700BDC06E /* Main.storyboard */; };
		D337C220299CEE1800BDC06E /* Assets.xcassets in Resources */ = {isa = PBXBuildFile; fileRef = D337C21F299CEE1800BDC06E /* Assets.xcassets */; };
		D337C223299CEE1800BDC06E /* LaunchScreen.storyboard in Resources */ = {isa = PBXBuildFile; fileRef = D337C221299CEE1800BDC06E /* LaunchScreen.storyboard */; };
		D337C22C299CEE2C00BDC06E /* FMDB in Frameworks */ = {isa = PBXBuildFile; productRef = D337C22B299CEE2C00BDC06E /* FMDB */; };
		D337C22F299CEE3500BDC06E /* Alamofire in Frameworks */ = {isa = PBXBuildFile; productRef = D337C22E299CEE3500BDC06E /* Alamofire */; };
		D337C231299CF56200BDC06E /* User.db in Resources */ = {isa = PBXBuildFile; fileRef = D337C230299CF56200BDC06E /* User.db */; };
/* End PBXBuildFile section */

/* Begin PBXFileReference section */
		D337C213299CEE1700BDC06E /* ApiWithLocalDataBase.app */ = {isa = PBXFileReference; explicitFileType = wrapper.application; includeInIndex = 0; path = ApiWithLocalDataBase.app; sourceTree = BUILT_PRODUCTS_DIR; };
		D337C216299CEE1700BDC06E /* AppDelegate.swift */ = {isa = PBXFileReference; lastKnownFileType = sourcecode.swift; path = AppDelegate.swift; sourceTree = "<group>"; };
		D337C218299CEE1700BDC06E /* SceneDelegate.swift */ = {isa = PBXFileReference; lastKnownFileType = sourcecode.swift; path = SceneDelegate.swift; sourceTree = "<group>"; };
		D337C21A299CEE1700BDC06E /* ViewController.swift */ = {isa = PBXFileReference; lastKnownFileType = sourcecode.swift; path = ViewController.swift; sourceTree = "<group>"; };
		D337C21D299CEE1700BDC06E /* Base */ = {isa = PBXFileReference; lastKnownFileType = file.storyboard; name = Base; path = Base.lproj/Main.storyboard; sourceTree = "<group>"; };
		D337C21F299CEE1800BDC06E /* Assets.xcassets */ = {isa = PBXFileReference; lastKnownFileType = folder.assetcatalog; path = Assets.xcassets; sourceTree = "<group>"; };
		D337C222299CEE1800BDC06E /* Base */ = {isa = PBXFileReference; lastKnownFileType = file.storyboard; name = Base; path = Base.lproj/LaunchScreen.storyboard; sourceTree = "<group>"; };
		D337C224299CEE1800BDC06E /* Info.plist */ = {isa = PBXFileReference; lastKnownFileType = text.plist.xml; path = Info.plist; sourceTree = "<group>"; };
		D337C230299CF56200BDC06E /* User.db */ = {isa = PBXFileReference; lastKnownFileType = file; path = User.db; sourceTree = "<group>"; };
/* End PBXFileReference section */

/* Begin PBXFrameworksBuildPhase section */
		D337C210299CEE1700BDC06E /* Frameworks */ = {
			isa = PBXFrameworksBuildPhase;
			buildActionMask = 2147483647;
			files = (
				D337C22C299CEE2C00BDC06E /* FMDB in Frameworks */,
				D337C22F299CEE3500BDC06E /* Alamofire in Frameworks */,
			);
			runOnlyForDeploymentPostprocessing = 0;
		};
/* End PBXFrameworksBuildPhase section */

/* Begin PBXGroup section */
		D337C20A299CEE1700BDC06E = {
			isa = PBXGroup;
			children = (
				D337C215299CEE1700BDC06E /* ApiWithLocalDataBase */,
				D337C214299CEE1700BDC06E /* Products */,
			);
			sourceTree = "<group>";
		};
		D337C214299CEE1700BDC06E /* Products */ = {
			isa = PBXGroup;
			children = (
				D337C213299CEE1700BDC06E /* ApiWithLocalDataBase.app */,
			);
			name = Products;
			sourceTree = "<group>";
		};
		D337C215299CEE1700BDC06E /* ApiWithLocalDataBase */ = {
			isa = PBXGroup;
			children = (
				D337C216299CEE1700BDC06E /* AppDelegate.swift */,
				D337C218299CEE1700BDC06E /* SceneDelegate.swift */,
				D337C21A299CEE1700BDC06E /* ViewController.swift */,
				D337C230299CF56200BDC06E /* User.db */,
				D337C21C299CEE1700BDC06E /* Main.storyboard */,
				D337C21F299CEE1800BDC06E /* Assets.xcassets */,
				D337C221299CEE1800BDC06E /* LaunchScreen.storyboard */,
				D337C224299CEE1800BDC06E /* Info.plist */,
			);
			path = ApiWithLocalDataBase;
			sourceTree = "<group>";
		};
/* End PBXGroup section */

/* Begin PBXNativeTarget section */
		D337C212299CEE1700BDC06E /* ApiWithLocalDataBase */ = {
			isa = PBXNativeTarget;
			buildConfigurationList = D337C227299CEE1800BDC06E /* Build configuration list for PBXNativeTarget "ApiWithLocalDataBase" */;
			buildPhases = (
				D337C20F299CEE1700BDC06E /* Sources */,
				D337C210299CEE1700BDC06E /* Frameworks */,
				D337C211299CEE1700BDC06E /* Resources */,
			);
			buildRules = (
			);
			dependencies = (
			);
			name = ApiWithLocalDataBase;
			packageProductDependencies = (
				D337C22B299CEE2C00BDC06E /* FMDB */,
				D337C22E299CEE3500BDC06E /* Alamofire */,
			);
			productName = ApiWithLocalDataBase;
			productReference = D337C213299CEE1700BDC06E /* ApiWithLocalDataBase.app */;
			productType = "com.apple.product-type.application";
		};
/* End PBXNativeTarget section */

/* Begin PBXProject section */
		D337C20B299CEE1700BDC06E /* Project object */ = {
			isa = PBXProject;
			attributes = {
				BuildIndependentTargetsInParallel = 1;
				LastSwiftUpdateCheck = 1300;
				LastUpgradeCheck = 1300;
				TargetAttributes = {
					D337C212299CEE1700BDC06E = {
						CreatedOnToolsVersion = 13.0;
					};
				};
			};
			buildConfigurationList = D337C20E299CEE1700BDC06E /* Build configuration list for PBXProject "ApiWithLocalDataBase" */;
			compatibilityVersion = "Xcode 13.0";
			developmentRegion = en;
			hasScannedForEncodings = 0;
			knownRegions = (
				en,
				Base,
			);
			mainGroup = D337C20A299CEE1700BDC06E;
			packageReferences = (
				D337C22A299CEE2C00BDC06E /* XCRemoteSwiftPackageReference "fmdb" */,
				D337C22D299CEE3500BDC06E /* XCRemoteSwiftPackageReference "Alamofire" */,
			);
			productRefGroup = D337C214299CEE1700BDC06E /* Products */;
			projectDirPath = "";
			projectRoot = "";
			targets = (
				D337C212299CEE1700BDC06E /* ApiWithLocalDataBase */,
			);
		};
/* End PBXProject section */

/* Begin PBXResourcesBuildPhase section */
		D337C211299CEE1700BDC06E /* Resources */ = {
			isa = PBXResourcesBuildPhase;
			buildActionMask = 2147483647;
			files = (
				D337C223299CEE1800BDC06E /* LaunchScreen.storyboard in Resources */,
				D337C220299CEE1800BDC06E /* Assets.xcassets in Resources */,
				D337C231299CF56200BDC06E /* User.db in Resources */,
				D337C21E299CEE1700BDC06E /* Main.storyboard in Resources */,
			);
			runOnlyForDeploymentPostprocessing = 0;
		};
/* End PBXResourcesBuildPhase section */

/* Begin PBXSourcesBuildPhase section */
		D337C20F299CEE1700BDC06E /* Sources */ = {
			isa = PBXSourcesBuildPhase;
			buildActionMask = 2147483647;
			files = (
				D337C21B299CEE1700BDC06E /* ViewController.swift in Sources */,
				D337C217299CEE1700BDC06E /* AppDelegate.swift in Sources */,
				D337C219299CEE1700BDC06E /* SceneDelegate.swift in Sources */,
			);
			runOnlyForDeploymentPostprocessing = 0;
		};
/* End PBXSourcesBuildPhase section */

/* Begin PBXVariantGroup section */
		D337C21C299CEE1700BDC06E /* Main.storyboard */ = {
			isa = PBXVariantGroup;
			children = (
				D337C21D299CEE1700BDC06E /* Base */,
			);
			name = Main.storyboard;
			sourceTree = "<group>";
		};
		D337C221299CEE1800BDC06E /* LaunchScreen.storyboard */ = {
			isa = PBXVariantGroup;
			children = (
				D337C222299CEE1800BDC06E /* Base */,
			);
			name = LaunchScreen.storyboard;
			sourceTree = "<group>";
		};
/* End PBXVariantGroup section */

/* Begin XCBuildConfiguration section */
		D337C225299CEE1800BDC06E /* Debug */ = {
			isa = XCBuildConfiguration;
			buildSettings = {
				ALWAYS_SEARCH_USER_PATHS = NO;
				CLANG_ANALYZER_NONNULL = YES;
				CLANG_ANALYZER_NUMBER_OBJECT_CONVERSION = YES_AGGRESSIVE;
				CLANG_CXX_LANGUAGE_STANDARD = "gnu++17";
				CLANG_CXX_LIBRARY = "libc++";
				CLANG_ENABLE_MODULES = YES;
				CLANG_ENABLE_OBJC_ARC = YES;
				CLANG_ENABLE_OBJC_WEAK = YES;
				CLANG_WARN_BLOCK_CAPTURE_AUTORELEASING = YES;
				CLANG_WARN_BOOL_CONVERSION = YES;
				CLANG_WARN_COMMA = YES;
				CLANG_WARN_CONSTANT_CONVERSION = YES;
				CLANG_WARN_DEPRECATED_OBJC_IMPLEMENTATIONS = YES;
				CLANG_WARN_DIRECT_OBJC_ISA_USAGE = YES_ERROR;
				CLANG_WARN_DOCUMENTATION_COMMENTS = YES;
				CLANG_WARN_EMPTY_BODY = YES;
				CLANG_WARN_ENUM_CONVERSION = YES;
				CLANG_WARN_INFINITE_RECURSION = YES;
				CLANG_WARN_INT_CONVERSION = YES;
				CLANG_WARN_NON_LITERAL_NULL_CONVERSION = YES;
				CLANG_WARN_OBJC_IMPLICIT_RETAIN_SELF = YES;
				CLANG_WARN_OBJC_LITERAL_CONVERSION = YES;
				CLANG_WARN_OBJC_ROOT_CLASS = YES_ERROR;
				CLANG_WARN_QUOTED_INCLUDE_IN_FRAMEWORK_HEADER = YES;
				CLANG_WARN_RANGE_LOOP_ANALYSIS = YES;
				CLANG_WARN_STRICT_PROTOTYPES = YES;
				CLANG_WARN_SUSPICIOUS_MOVE = YES;
				CLANG_WARN_UNGUARDED_AVAILABILITY = YES_AGGRESSIVE;
				CLANG_WARN_UNREACHABLE_CODE = YES;
				CLANG_WARN__DUPLICATE_METHOD_MATCH = YES;
				COPY_PHASE_STRIP = NO;
				DEBUG_INFORMATION_FORMAT = dwarf;
				ENABLE_STRICT_OBJC_MSGSEND = YES;
				ENABLE_TESTABILITY = YES;
				GCC_C_LANGUAGE_STANDARD = gnu11;
				GCC_DYNAMIC_NO_PIC = NO;
				GCC_NO_COMMON_BLOCKS = YES;
				GCC_OPTIMIZATION_LEVEL = 0;
				GCC_PREPROCESSOR_DEFINITIONS = (
					"DEBUG=1",
					"$(inherited)",
				);
				GCC_WARN_64_TO_32_BIT_CONVERSION = YES;
				GCC_WARN_ABOUT_RETURN_TYPE = YES_ERROR;
				GCC_WARN_UNDECLARED_SELECTOR = YES;
				GCC_WARN_UNINITIALIZED_AUTOS = YES_AGGRESSIVE;
				GCC_WARN_UNUSED_FUNCTION = YES;
				GCC_WARN_UNUSED_VARIABLE = YES;
				IPHONEOS_DEPLOYMENT_TARGET = 15.0;
				MTL_ENABLE_DEBUG_INFO = INCLUDE_SOURCE;
				MTL_FAST_MATH = YES;
				ONLY_ACTIVE_ARCH = YES;
				SDKROOT = iphoneos;
				SWIFT_ACTIVE_COMPILATION_CONDITIONS = DEBUG;
				SWIFT_OPTIMIZATION_LEVEL = "-Onone";
			};
			name = Debug;
		};
		D337C226299CEE1800BDC06E /* Release */ = {
			isa = XCBuildConfiguration;
			buildSettings = {
				ALWAYS_SEARCH_USER_PATHS = NO;
				CLANG_ANALYZER_NONNULL = YES;
				CLANG_ANALYZER_NUMBER_OBJECT_CONVERSION = YES_AGGRESSIVE;
				CLANG_CXX_LANGUAGE_STANDARD = "gnu++17";
				CLANG_CXX_LIBRARY = "libc++";
				CLANG_ENABLE_MODULES = YES;
				CLANG_ENABLE_OBJC_ARC = YES;
				CLANG_ENABLE_OBJC_WEAK = YES;
				CLANG_WARN_BLOCK_CAPTURE_AUTORELEASING = YES;
				CLANG_WARN_BOOL_CONVERSION = YES;
				CLANG_WARN_COMMA = YES;
				CLANG_WARN_CONSTANT_CONVERSION = YES;
				CLANG_WARN_DEPRECATED_OBJC_IMPLEMENTATIONS = YES;
				CLANG_WARN_DIRECT_OBJC_ISA_USAGE = YES_ERROR;
				CLANG_WARN_DOCUMENTATION_COMMENTS = YES;
				CLANG_WARN_EMPTY_BODY = YES;
				CLANG_WARN_ENUM_CONVERSION = YES;
				CLANG_WARN_INFINITE_RECURSION = YES;
				CLANG_WARN_INT_CONVERSION = YES;
				CLANG_WARN_NON_LITERAL_NULL_CONVERSION = YES;
				CLANG_WARN_OBJC_IMPLICIT_RETAIN_SELF = YES;
				CLANG_WARN_OBJC_LITERAL_CONVERSION = YES;
				CLANG_WARN_OBJC_ROOT_CLASS = YES_ERROR;
				CLANG_WARN_QUOTED_INCLUDE_IN_FRAMEWORK_HEADER = YES;
				CLANG_WARN_RANGE_LOOP_ANALYSIS = YES;
				CLANG_WARN_STRICT_PROTOTYPES = YES;
				CLANG_WARN_SUSPICIOUS_MOVE = YES;
				CLANG_WARN_UNGUARDED_AVAILABILITY = YES_AGGRESSIVE;
				CLANG_WARN_UNREACHABLE_CODE = YES;
				CLANG_WARN__DUPLICATE_METHOD_MATCH = YES;
				COPY_PHASE_STRIP = NO;
				DEBUG_INFORMATION_FORMAT = "dwarf-with-dsym";
				ENABLE_NS_ASSERTIONS = NO;
				ENABLE_STRICT_OBJC_MSGSEND = YES;
				GCC_C_LANGUAGE_STANDARD = gnu11;
				GCC_NO_COMMON_BLOCKS = YES;
				GCC_WARN_64_TO_32_BIT_CONVERSION = YES;
				GCC_WARN_ABOUT_RETURN_TYPE = YES_ERROR;
				GCC_WARN_UNDECLARED_SELECTOR = YES;
				GCC_WARN_UNINITIALIZED_AUTOS = YES_AGGRESSIVE;
				GCC_WARN_UNUSED_FUNCTION = YES;
				GCC_WARN_UNUSED_VARIABLE = YES;
				IPHONEOS_DEPLOYMENT_TARGET = 15.0;
				MTL_ENABLE_DEBUG_INFO = NO;
				MTL_FAST_MATH = YES;
				SDKROOT = iphoneos;
				SWIFT_COMPILATION_MODE = wholemodule;
				SWIFT_OPTIMIZATION_LEVEL = "-O";
				VALIDATE_PRODUCT = YES;
			};
			name = Release;
		};
		D337C228299CEE1800BDC06E /* Debug */ = {
			isa = XCBuildConfiguration;
			buildSettings = {
				ASSETCATALOG_COMPILER_APPICON_NAME = AppIcon;
				ASSETCATALOG_COMPILER_GLOBAL_ACCENT_COLOR_NAME = AccentColor;
				CODE_SIGN_STYLE = Automatic;
				CURRENT_PROJECT_VERSION = 1;
				GENERATE_INFOPLIST_FILE = YES;
				INFOPLIST_FILE = ApiWithLocalDataBase/Info.plist;
				INFOPLIST_KEY_UIApplicationSupportsIndirectInputEvents = YES;
				INFOPLIST_KEY_UILaunchStoryboardName = LaunchScreen;
				INFOPLIST_KEY_UIMainStoryboardFile = Main;
				INFOPLIST_KEY_UISupportedInterfaceOrientations_iPad = "UIInterfaceOrientationPortrait UIInterfaceOrientationPortraitUpsideDown UIInterfaceOrientationLandscapeLeft UIInterfaceOrientationLandscapeRight";
				INFOPLIST_KEY_UISupportedInterfaceOrientations_iPhone = "UIInterfaceOrientationPortrait UIInterfaceOrientationLandscapeLeft UIInterfaceOrientationLandscapeRight";
				LD_RUNPATH_SEARCH_PATHS = (
					"$(inherited)",
					"@executable_path/Frameworks",
				);
				MARKETING_VERSION = 1.0;
				PRODUCT_BUNDLE_IDENTIFIER = satyam.ApiWithLocalDataBase;
				PRODUCT_NAME = "$(TARGET_NAME)";
				SWIFT_EMIT_LOC_STRINGS = YES;
				SWIFT_VERSION = 5.0;
				TARGETED_DEVICE_FAMILY = "1,2";
			};
			name = Debug;
		};
		D337C229299CEE1800BDC06E /* Release */ = {
			isa = XCBuildConfiguration;
			buildSettings = {
				ASSETCATALOG_COMPILER_APPICON_NAME = AppIcon;
				ASSETCATALOG_COMPILER_GLOBAL_ACCENT_COLOR_NAME = AccentColor;
				CODE_SIGN_STYLE = Automatic;
				CURRENT_PROJECT_VERSION = 1;
				GENERATE_INFOPLIST_FILE = YES;
				INFOPLIST_FILE = ApiWithLocalDataBase/Info.plist;
				INFOPLIST_KEY_UIApplicationSupportsIndirectInputEvents = YES;
				INFOPLIST_KEY_UILaunchStoryboardName = LaunchScreen;
				INFOPLIST_KEY_UIMainStoryboardFile = Main;
				INFOPLIST_KEY_UISupportedInterfaceOrientations_iPad = "UIInterfaceOrientationPortrait UIInterfaceOrientationPortraitUpsideDown UIInterfaceOrientationLandscapeLeft UIInterfaceOrientationLandscapeRight";
				INFOPLIST_KEY_UISupportedInterfaceOrientations_iPhone = "UIInterfaceOrientationPortrait UIInterfaceOrientationLandscapeLeft UIInterfaceOrientationLandscapeRight";
				LD_RUNPATH_SEARCH_PATHS = (
					"$(inherited)",
					"@executable_path/Frameworks",
				);
				MARKETING_VERSION = 1.0;
				PRODUCT_BUNDLE_IDENTIFIER = satyam.ApiWithLocalDataBase;
				PRODUCT_NAME = "$(TARGET_NAME)";
				SWIFT_EMIT_LOC_STRINGS = YES;
				SWIFT_VERSION = 5.0;
				TARGETED_DEVICE_FAMILY = "1,2";
			};
			name = Release;
		};
/* End XCBuildConfiguration section */

/* Begin XCConfigurationList section */
		D337C20E299CEE1700BDC06E /* Build configuration list for PBXProject "ApiWithLocalDataBase" */ = {
			isa = XCConfigurationList;
			buildConfigurations = (
				D337C225299CEE1800BDC06E /* Debug */,
				D337C226299CEE1800BDC06E /* Release */,
			);
			defaultConfigurationIsVisible = 0;
			defaultConfigurationName = Release;
		};
		D337C227299CEE1800BDC06E /* Build configuration list for PBXNativeTarget "ApiWithLocalDataBase" */ = {
			isa = XCConfigurationList;
			buildConfigurations = (
				D337C228299CEE1800BDC06E /* Debug */,
				D337C229299CEE1800BDC06E /* Release */,
			);
			defaultConfigurationIsVisible = 0;
			defaultConfigurationName = Release;
		};
/* End XCConfigurationList section */

/* Begin XCRemoteSwiftPackageReference section */
		D337C22A299CEE2C00BDC06E /* XCRemoteSwiftPackageReference "fmdb" */ = {
			isa = XCRemoteSwiftPackageReference;
			repositoryURL = "https://github.com/ccgus/fmdb.git";
			requirement = {
				kind = upToNextMajorVersion;
				minimumVersion = 2.0.0;
			};
		};
		D337C22D299CEE3500BDC06E /* XCRemoteSwiftPackageReference "Alamofire" */ = {
			isa = XCRemoteSwiftPackageReference;
			repositoryURL = "https://github.com/Alamofire/Alamofire.git";
			requirement = {
				branch = master;
				kind = branch;
			};
		};
/* End XCRemoteSwiftPackageReference section */

/* Begin XCSwiftPackageProductDependency section */
		D337C22B299CEE2C00BDC06E /* FMDB */ = {
			isa = XCSwiftPackageProductDependency;
			package = D337C22A299CEE2C00BDC06E /* XCRemoteSwiftPackageReference "fmdb" */;
			productName = FMDB;
		};
		D337C22E299CEE3500BDC06E /* Alamofire */ = {
			isa = XCSwiftPackageProductDependency;
			package = D337C22D299CEE3500BDC06E /* XCRemoteSwiftPackageReference "Alamofire" */;
			productName = Alamofire;
		};
/* End XCSwiftPackageProductDependency section */
	};
	rootObject = D337C20B299CEE1700BDC06E /* Project object */;
}
